
Microsoft Visual Studio Solution File, Format Version 12.00
# Visual Studio Version 16
VisualStudioVersion = 16.0.30804.86
MinimumVisualStudioVersion = 10.0.40219.1
Project("{9A19103F-16F7-4668-BE54-9A1E7A4F7556}") = "FizzBussByTdd", "FizzBussByTdd\FizzBussByTdd.csproj", "{57C56047-7C28-405D-ACE4-66547278810A}"
EndProject
Project("{FAE04EC0-301F-11D3-BF4B-00C04F79EFBC}") = "FizzBussByTddTest", "FizzBussByTddTest\FizzBussByTddTest.csproj", "{C6891B24-1593-4831-B288-8081D2B34175}"
EndProject
Global
	GlobalSection(SolutionConfigurationPlatforms) = preSolution
		Debug|Any CPU = Debug|Any CPU
		Release|Any CPU = Release|Any CPU
	EndGlobalSection
	GlobalSection(ProjectConfigurationPlatforms) = postSolution
		{57C56047-7C28-405D-ACE4-66547278810A}.Debug|Any CPU.ActiveCfg = Debug|Any CPU
		{57C56047-7C28-405D-ACE4-66547278810A}.Debug|Any CPU.Build.0 = Debug|Any CPU
		{57C56047-7C28-405D-ACE4-66547278810A}.Release|Any CPU.ActiveCfg = Release|Any CPU
		{57C56047-7C28-405D-ACE4-66547278810A}.Release|Any CPU.Build.0 = Release|Any CPU
		{C6891B24-1593-4831-B288-8081D2B34175}.Debug|Any CPU.ActiveCfg = Debug|Any CPU
		{C6891B24-1593-4831-B288-8081D2B34175}.Debug|Any CPU.Build.0 = Debug|Any CPU
		{C6891B24-1593-4831-B288-8081D2B34175}.Release|Any CPU.ActiveCfg = Release|Any CPU
		{C6891B24-1593-4831-B288-8081D2B34175}.Release|Any CPU.Build.0 = Release|Any CPU
	EndGlobalSection
	GlobalSection(SolutionProperties) = preSolution
		HideSolutionNode = FALSE
	EndGlobalSection
	GlobalSection(ExtensibilityGlobals) = postSolution
		SolutionGuid = {D180BFCF-A342-4D01-9B66-1F2D96BD6736}
	EndGlobalSection
EndGlobal
